// !$*UTF8*$!
{
	archiveVersion = 1;
	classes = {
	};
	objectVersion = 46;
	objects = {

/* Begin PBXBuildFile section */
		650B2B9F1D8D9E6C004DBDA6 /* AddAPunViewController.swift in Sources */ = {isa = PBXBuildFile; fileRef = 650B2B9E1D8D9E6C004DBDA6 /* AddAPunViewController.swift */; };
		6527D6281DA7F6C8003FD4F7 /* PunWordInfoViewController.swift in Sources */ = {isa = PBXBuildFile; fileRef = 6527D6271DA7F6C8003FD4F7 /* PunWordInfoViewController.swift */; };
		65310D221DD64A290020C0D3 /* emojisUITests.swift in Sources */ = {isa = PBXBuildFile; fileRef = 65310D211DD64A290020C0D3 /* emojisUITests.swift */; };
		65310D2A1DD65CA20020C0D3 /* addTopicCell.swift in Sources */ = {isa = PBXBuildFile; fileRef = 65310D291DD65CA20020C0D3 /* addTopicCell.swift */; };
		65375B161D8701B80013C1BC /* AppDelegate.swift in Sources */ = {isa = PBXBuildFile; fileRef = 65375B151D8701B80013C1BC /* AppDelegate.swift */; };
		65375B1B1D8701B80013C1BC /* Main.storyboard in Resources */ = {isa = PBXBuildFile; fileRef = 65375B191D8701B80013C1BC /* Main.storyboard */; };
		65375B1D1D8701B80013C1BC /* Assets.xcassets in Resources */ = {isa = PBXBuildFile; fileRef = 65375B1C1D8701B80013C1BC /* Assets.xcassets */; };
		65375B201D8701B80013C1BC /* LaunchScreen.storyboard in Resources */ = {isa = PBXBuildFile; fileRef = 65375B1E1D8701B80013C1BC /* LaunchScreen.storyboard */; };
		65375B2B1D8701B80013C1BC /* emojisTests.swift in Sources */ = {isa = PBXBuildFile; fileRef = 65375B2A1D8701B80013C1BC /* emojisTests.swift */; };
		65375B361D8702030013C1BC /* CategoriesTableViewController.swift in Sources */ = {isa = PBXBuildFile; fileRef = 65375B351D8702030013C1BC /* CategoriesTableViewController.swift */; };
		65375B381D87020B0013C1BC /* TopicsTableViewController.swift in Sources */ = {isa = PBXBuildFile; fileRef = 65375B371D87020B0013C1BC /* TopicsTableViewController.swift */; };
		65375B3A1D8702120013C1BC /* CategoryModel.swift in Sources */ = {isa = PBXBuildFile; fileRef = 65375B391D8702120013C1BC /* CategoryModel.swift */; };
		653D4F3B1DC239C200222F70 /* PunHelpViewController.swift in Sources */ = {isa = PBXBuildFile; fileRef = 653D4F3A1DC239C200222F70 /* PunHelpViewController.swift */; };
		654A05F11DD0D03700FA0129 /* AddTopicsViewController.swift in Sources */ = {isa = PBXBuildFile; fileRef = 654A05F01DD0D03700FA0129 /* AddTopicsViewController.swift */; };
		656D2CC11DC3C6AF00FA1202 /* FBSDKSetup.m in Sources */ = {isa = PBXBuildFile; fileRef = 656D2CC01DC3C6AF00FA1202 /* FBSDKSetup.m */; };
		65A408B11DC278CF00935059 /* AddAPunHelpViewController.swift in Sources */ = {isa = PBXBuildFile; fileRef = 65A408B01DC278CF00935059 /* AddAPunHelpViewController.swift */; };
		65A408B31DC278D800935059 /* PunInfoHelpViewController.swift in Sources */ = {isa = PBXBuildFile; fileRef = 65A408B21DC278D800935059 /* PunInfoHelpViewController.swift */; };
		CD054891A04477652C28D605 /* Pods_emojisTests.framework in Frameworks */ = {isa = PBXBuildFile; fileRef = 13ACD8D1F327228FD54DC876 /* Pods_emojisTests.framework */; };
		F992230E923A3D34C1A93A76 /* Pods_emojis.framework in Frameworks */ = {isa = PBXBuildFile; fileRef = 73309C91114CBA7AEFFBE91B /* Pods_emojis.framework */; };
/* End PBXBuildFile section */

/* Begin PBXContainerItemProxy section */
		65310D241DD64A290020C0D3 /* PBXContainerItemProxy */ = {
			isa = PBXContainerItemProxy;
			containerPortal = 65375B0A1D8701B80013C1BC /* Project object */;
			proxyType = 1;
			remoteGlobalIDString = 65375B111D8701B80013C1BC;
			remoteInfo = emojis;
		};
		65375B271D8701B80013C1BC /* PBXContainerItemProxy */ = {
			isa = PBXContainerItemProxy;
			containerPortal = 65375B0A1D8701B80013C1BC /* Project object */;
			proxyType = 1;
			remoteGlobalIDString = 65375B111D8701B80013C1BC;
			remoteInfo = emojis;
		};
/* End PBXContainerItemProxy section */

/* Begin PBXFileReference section */
		13ACD8D1F327228FD54DC876 /* Pods_emojisTests.framework */ = {isa = PBXFileReference; explicitFileType = wrapper.framework; includeInIndex = 0; path = Pods_emojisTests.framework; sourceTree = BUILT_PRODUCTS_DIR; };
		650B2B9E1D8D9E6C004DBDA6 /* AddAPunViewController.swift */ = {isa = PBXFileReference; fileEncoding = 4; lastKnownFileType = sourcecode.swift; name = AddAPunViewController.swift; path = ../AddAPunViewController.swift; sourceTree = "<group>"; };
		6527D6271DA7F6C8003FD4F7 /* PunWordInfoViewController.swift */ = {isa = PBXFileReference; fileEncoding = 4; lastKnownFileType = sourcecode.swift; path = PunWordInfoViewController.swift; sourceTree = "<group>"; };
		65310D1F1DD64A290020C0D3 /* emojisUITests.xctest */ = {isa = PBXFileReference; explicitFileType = wrapper.cfbundle; includeInIndex = 0; path = emojisUITests.xctest; sourceTree = BUILT_PRODUCTS_DIR; };
		65310D211DD64A290020C0D3 /* emojisUITests.swift */ = {isa = PBXFileReference; lastKnownFileType = sourcecode.swift; path = emojisUITests.swift; sourceTree = "<group>"; };
		65310D231DD64A290020C0D3 /* Info.plist */ = {isa = PBXFileReference; lastKnownFileType = text.plist.xml; path = Info.plist; sourceTree = "<group>"; };
		65310D291DD65CA20020C0D3 /* addTopicCell.swift */ = {isa = PBXFileReference; fileEncoding = 4; lastKnownFileType = sourcecode.swift; path = addTopicCell.swift; sourceTree = "<group>"; };
		65375B121D8701B80013C1BC /* emojis.app */ = {isa = PBXFileReference; explicitFileType = wrapper.application; includeInIndex = 0; path = emojis.app; sourceTree = BUILT_PRODUCTS_DIR; };
		65375B151D8701B80013C1BC /* AppDelegate.swift */ = {isa = PBXFileReference; lastKnownFileType = sourcecode.swift; path = AppDelegate.swift; sourceTree = "<group>"; };
		65375B1A1D8701B80013C1BC /* Base */ = {isa = PBXFileReference; lastKnownFileType = file.storyboard; name = Base; path = Base.lproj/Main.storyboard; sourceTree = "<group>"; };
		65375B1C1D8701B80013C1BC /* Assets.xcassets */ = {isa = PBXFileReference; lastKnownFileType = folder.assetcatalog; path = Assets.xcassets; sourceTree = "<group>"; };
		65375B1F1D8701B80013C1BC /* Base */ = {isa = PBXFileReference; lastKnownFileType = file.storyboard; name = Base; path = Base.lproj/LaunchScreen.storyboard; sourceTree = "<group>"; };
		65375B211D8701B80013C1BC /* Info.plist */ = {isa = PBXFileReference; lastKnownFileType = text.plist.xml; path = Info.plist; sourceTree = "<group>"; };
		65375B261D8701B80013C1BC /* emojisTests.xctest */ = {isa = PBXFileReference; explicitFileType = wrapper.cfbundle; includeInIndex = 0; path = emojisTests.xctest; sourceTree = BUILT_PRODUCTS_DIR; };
		65375B2A1D8701B80013C1BC /* emojisTests.swift */ = {isa = PBXFileReference; lastKnownFileType = sourcecode.swift; path = emojisTests.swift; sourceTree = "<group>"; };
		65375B2C1D8701B80013C1BC /* Info.plist */ = {isa = PBXFileReference; lastKnownFileType = text.plist.xml; path = Info.plist; sourceTree = "<group>"; };
		65375B351D8702030013C1BC /* CategoriesTableViewController.swift */ = {isa = PBXFileReference; fileEncoding = 4; lastKnownFileType = sourcecode.swift; path = CategoriesTableViewController.swift; sourceTree = "<group>"; };
		65375B371D87020B0013C1BC /* TopicsTableViewController.swift */ = {isa = PBXFileReference; fileEncoding = 4; lastKnownFileType = sourcecode.swift; path = TopicsTableViewController.swift; sourceTree = "<group>"; };
		65375B391D8702120013C1BC /* CategoryModel.swift */ = {isa = PBXFileReference; fileEncoding = 4; lastKnownFileType = sourcecode.swift; path = CategoryModel.swift; sourceTree = "<group>"; };
		653D4F3A1DC239C200222F70 /* PunHelpViewController.swift */ = {isa = PBXFileReference; fileEncoding = 4; lastKnownFileType = sourcecode.swift; path = PunHelpViewController.swift; sourceTree = "<group>"; };
		654A05F01DD0D03700FA0129 /* AddTopicsViewController.swift */ = {isa = PBXFileReference; fileEncoding = 4; lastKnownFileType = sourcecode.swift; path = AddTopicsViewController.swift; sourceTree = "<group>"; };
		656D2CBF1DC3C6AF00FA1202 /* emojis-Bridging-Header.h */ = {isa = PBXFileReference; lastKnownFileType = sourcecode.c.h; path = "emojis-Bridging-Header.h"; sourceTree = "<group>"; };
		656D2CC01DC3C6AF00FA1202 /* FBSDKSetup.m */ = {isa = PBXFileReference; fileEncoding = 4; lastKnownFileType = sourcecode.c.objc; path = FBSDKSetup.m; sourceTree = "<group>"; };
		656D2CC21DC3C6DC00FA1202 /* FBSDKSetup.h */ = {isa = PBXFileReference; lastKnownFileType = sourcecode.c.h; path = FBSDKSetup.h; sourceTree = "<group>"; };
		65A408B01DC278CF00935059 /* AddAPunHelpViewController.swift */ = {isa = PBXFileReference; fileEncoding = 4; lastKnownFileType = sourcecode.swift; path = AddAPunHelpViewController.swift; sourceTree = "<group>"; };
		65A408B21DC278D800935059 /* PunInfoHelpViewController.swift */ = {isa = PBXFileReference; fileEncoding = 4; lastKnownFileType = sourcecode.swift; path = PunInfoHelpViewController.swift; sourceTree = "<group>"; };
		73309C91114CBA7AEFFBE91B /* Pods_emojis.framework */ = {isa = PBXFileReference; explicitFileType = wrapper.framework; includeInIndex = 0; path = Pods_emojis.framework; sourceTree = BUILT_PRODUCTS_DIR; };
		85A7F746B0AF2CA332DBB328 /* Pods-emojis.debug.xcconfig */ = {isa = PBXFileReference; includeInIndex = 1; lastKnownFileType = text.xcconfig; name = "Pods-emojis.debug.xcconfig"; path = "Pods/Target Support Files/Pods-emojis/Pods-emojis.debug.xcconfig"; sourceTree = "<group>"; };
		913BFC8E03BB63D3996CC120 /* Pods-emojis.release.xcconfig */ = {isa = PBXFileReference; includeInIndex = 1; lastKnownFileType = text.xcconfig; name = "Pods-emojis.release.xcconfig"; path = "Pods/Target Support Files/Pods-emojis/Pods-emojis.release.xcconfig"; sourceTree = "<group>"; };
		A98A06DE14CC9B88CE876395 /* Pods-emojisTests.debug.xcconfig */ = {isa = PBXFileReference; includeInIndex = 1; lastKnownFileType = text.xcconfig; name = "Pods-emojisTests.debug.xcconfig"; path = "Pods/Target Support Files/Pods-emojisTests/Pods-emojisTests.debug.xcconfig"; sourceTree = "<group>"; };
		C26FFBD831E526D559444421 /* Pods-emojisTests.release.xcconfig */ = {isa = PBXFileReference; includeInIndex = 1; lastKnownFileType = text.xcconfig; name = "Pods-emojisTests.release.xcconfig"; path = "Pods/Target Support Files/Pods-emojisTests/Pods-emojisTests.release.xcconfig"; sourceTree = "<group>"; };
/* End PBXFileReference section */

/* Begin PBXFrameworksBuildPhase section */
		65310D1C1DD64A290020C0D3 /* Frameworks */ = {
			isa = PBXFrameworksBuildPhase;
			buildActionMask = 2147483647;
			files = (
			);
			runOnlyForDeploymentPostprocessing = 0;
		};
		65375B0F1D8701B80013C1BC /* Frameworks */ = {
			isa = PBXFrameworksBuildPhase;
			buildActionMask = 2147483647;
			files = (
				F992230E923A3D34C1A93A76 /* Pods_emojis.framework in Frameworks */,
			);
			runOnlyForDeploymentPostprocessing = 0;
		};
		65375B231D8701B80013C1BC /* Frameworks */ = {
			isa = PBXFrameworksBuildPhase;
			buildActionMask = 2147483647;
			files = (
				CD054891A04477652C28D605 /* Pods_emojisTests.framework in Frameworks */,
			);
			runOnlyForDeploymentPostprocessing = 0;
		};
/* End PBXFrameworksBuildPhase section */

/* Begin PBXGroup section */
		1704031052C4FC99175CB8CB /* Pods */ = {
			isa = PBXGroup;
			children = (
				85A7F746B0AF2CA332DBB328 /* Pods-emojis.debug.xcconfig */,
				913BFC8E03BB63D3996CC120 /* Pods-emojis.release.xcconfig */,
				A98A06DE14CC9B88CE876395 /* Pods-emojisTests.debug.xcconfig */,
				C26FFBD831E526D559444421 /* Pods-emojisTests.release.xcconfig */,
			);
			name = Pods;
			sourceTree = "<group>";
		};
		65310D201DD64A290020C0D3 /* emojisUITests */ = {
			isa = PBXGroup;
			children = (
				65310D211DD64A290020C0D3 /* emojisUITests.swift */,
				65310D231DD64A290020C0D3 /* Info.plist */,
			);
			path = emojisUITests;
			sourceTree = "<group>";
		};
		65375B091D8701B80013C1BC = {
			isa = PBXGroup;
			children = (
				65375B141D8701B80013C1BC /* emojis */,
				65375B291D8701B80013C1BC /* emojisTests */,
				65310D201DD64A290020C0D3 /* emojisUITests */,
				65375B131D8701B80013C1BC /* Products */,
				1704031052C4FC99175CB8CB /* Pods */,
				87A714782F6D81078870FEC9 /* Frameworks */,
			);
			sourceTree = "<group>";
		};
		65375B131D8701B80013C1BC /* Products */ = {
			isa = PBXGroup;
			children = (
				65375B121D8701B80013C1BC /* emojis.app */,
				65375B261D8701B80013C1BC /* emojisTests.xctest */,
				65310D1F1DD64A290020C0D3 /* emojisUITests.xctest */,
			);
			name = Products;
			sourceTree = "<group>";
		};
		65375B141D8701B80013C1BC /* emojis */ = {
			isa = PBXGroup;
			children = (
				65375B151D8701B80013C1BC /* AppDelegate.swift */,
				656D2CC01DC3C6AF00FA1202 /* FBSDKSetup.m */,
				656D2CC21DC3C6DC00FA1202 /* FBSDKSetup.h */,
				650B2B9E1D8D9E6C004DBDA6 /* AddAPunViewController.swift */,
				654A05F01DD0D03700FA0129 /* AddTopicsViewController.swift */,
				65A408B01DC278CF00935059 /* AddAPunHelpViewController.swift */,
				65375B351D8702030013C1BC /* CategoriesTableViewController.swift */,
				653D4F3A1DC239C200222F70 /* PunHelpViewController.swift */,
				65375B371D87020B0013C1BC /* TopicsTableViewController.swift */,
				65310D291DD65CA20020C0D3 /* addTopicCell.swift */,
				6527D6271DA7F6C8003FD4F7 /* PunWordInfoViewController.swift */,
				65A408B21DC278D800935059 /* PunInfoHelpViewController.swift */,
				65375B391D8702120013C1BC /* CategoryModel.swift */,
				65375B191D8701B80013C1BC /* Main.storyboard */,
				65375B1C1D8701B80013C1BC /* Assets.xcassets */,
				65375B1E1D8701B80013C1BC /* LaunchScreen.storyboard */,
				65375B211D8701B80013C1BC /* Info.plist */,
				656D2CBF1DC3C6AF00FA1202 /* emojis-Bridging-Header.h */,
			);
			path = emojis;
			sourceTree = "<group>";
		};
		65375B291D8701B80013C1BC /* emojisTests */ = {
			isa = PBXGroup;
			children = (
				65375B2A1D8701B80013C1BC /* emojisTests.swift */,
				65375B2C1D8701B80013C1BC /* Info.plist */,
			);
			path = emojisTests;
			sourceTree = "<group>";
		};
		87A714782F6D81078870FEC9 /* Frameworks */ = {
			isa = PBXGroup;
			children = (
				73309C91114CBA7AEFFBE91B /* Pods_emojis.framework */,
				13ACD8D1F327228FD54DC876 /* Pods_emojisTests.framework */,
			);
			name = Frameworks;
			sourceTree = "<group>";
		};
/* End PBXGroup section */

/* Begin PBXNativeTarget section */
		65310D1E1DD64A290020C0D3 /* emojisUITests */ = {
			isa = PBXNativeTarget;
			buildConfigurationList = 65310D281DD64A290020C0D3 /* Build configuration list for PBXNativeTarget "emojisUITests" */;
			buildPhases = (
				65310D1B1DD64A290020C0D3 /* Sources */,
				65310D1C1DD64A290020C0D3 /* Frameworks */,
				65310D1D1DD64A290020C0D3 /* Resources */,
			);
			buildRules = (
			);
			dependencies = (
				65310D251DD64A290020C0D3 /* PBXTargetDependency */,
			);
			name = emojisUITests;
			productName = emojisUITests;
			productReference = 65310D1F1DD64A290020C0D3 /* emojisUITests.xctest */;
			productType = "com.apple.product-type.bundle.ui-testing";
		};
		65375B111D8701B80013C1BC /* emojis */ = {
			isa = PBXNativeTarget;
			buildConfigurationList = 65375B2F1D8701B80013C1BC /* Build configuration list for PBXNativeTarget "emojis" */;
			buildPhases = (
				7AE733FFD6252B0F6A382DD3 /* [CP] Check Pods Manifest.lock */,
				65375B0E1D8701B80013C1BC /* Sources */,
				65375B0F1D8701B80013C1BC /* Frameworks */,
				65375B101D8701B80013C1BC /* Resources */,
				90AE88D573D7716A8BFCDB6F /* [CP] Embed Pods Frameworks */,
				1ACB848151EE4DC76AFB5A8E /* [CP] Copy Pods Resources */,
			);
			buildRules = (
			);
			dependencies = (
			);
			name = emojis;
			productName = emojis;
			productReference = 65375B121D8701B80013C1BC /* emojis.app */;
			productType = "com.apple.product-type.application";
		};
		65375B251D8701B80013C1BC /* emojisTests */ = {
			isa = PBXNativeTarget;
			buildConfigurationList = 65375B321D8701B80013C1BC /* Build configuration list for PBXNativeTarget "emojisTests" */;
			buildPhases = (
				7AED4ADFBDD0CCFE4D240656 /* [CP] Check Pods Manifest.lock */,
				65375B221D8701B80013C1BC /* Sources */,
				65375B231D8701B80013C1BC /* Frameworks */,
				65375B241D8701B80013C1BC /* Resources */,
				2B691CBAE436F7FF7A66D643 /* [CP] Embed Pods Frameworks */,
				617FB71551918EE23CF911B7 /* [CP] Copy Pods Resources */,
			);
			buildRules = (
			);
			dependencies = (
				65375B281D8701B80013C1BC /* PBXTargetDependency */,
			);
			name = emojisTests;
			productName = emojisTests;
			productReference = 65375B261D8701B80013C1BC /* emojisTests.xctest */;
			productType = "com.apple.product-type.bundle.unit-test";
		};
/* End PBXNativeTarget section */

/* Begin PBXProject section */
		65375B0A1D8701B80013C1BC /* Project object */ = {
			isa = PBXProject;
			attributes = {
				LastSwiftUpdateCheck = 0810;
				LastUpgradeCheck = 0800;
				ORGANIZATIONNAME = "Katherine Owens";
				TargetAttributes = {
					65310D1E1DD64A290020C0D3 = {
						CreatedOnToolsVersion = 8.1;
						DevelopmentTeam = 9Q67G7E28V;
						ProvisioningStyle = Automatic;
						TestTargetID = 65375B111D8701B80013C1BC;
					};
					65375B111D8701B80013C1BC = {
						CreatedOnToolsVersion = 7.3.1;
						DevelopmentTeam = 9Q67G7E28V;
						LastSwiftMigration = 0800;
					};
					65375B251D8701B80013C1BC = {
						CreatedOnToolsVersion = 7.3.1;
						LastSwiftMigration = 0800;
						TestTargetID = 65375B111D8701B80013C1BC;
					};
				};
			};
			buildConfigurationList = 65375B0D1D8701B80013C1BC /* Build configuration list for PBXProject "emojis" */;
			compatibilityVersion = "Xcode 3.2";
			developmentRegion = English;
			hasScannedForEncodings = 0;
			knownRegions = (
				en,
				Base,
			);
			mainGroup = 65375B091D8701B80013C1BC;
			productRefGroup = 65375B131D8701B80013C1BC /* Products */;
			projectDirPath = "";
			projectRoot = "";
			targets = (
				65375B111D8701B80013C1BC /* emojis */,
				65375B251D8701B80013C1BC /* emojisTests */,
				65310D1E1DD64A290020C0D3 /* emojisUITests */,
			);
		};
/* End PBXProject section */

/* Begin PBXResourcesBuildPhase section */
		65310D1D1DD64A290020C0D3 /* Resources */ = {
			isa = PBXResourcesBuildPhase;
			buildActionMask = 2147483647;
			files = (
			);
			runOnlyForDeploymentPostprocessing = 0;
		};
		65375B101D8701B80013C1BC /* Resources */ = {
			isa = PBXResourcesBuildPhase;
			buildActionMask = 2147483647;
			files = (
				65375B201D8701B80013C1BC /* LaunchScreen.storyboard in Resources */,
				65375B1D1D8701B80013C1BC /* Assets.xcassets in Resources */,
				65375B1B1D8701B80013C1BC /* Main.storyboard in Resources */,
			);
			runOnlyForDeploymentPostprocessing = 0;
		};
		65375B241D8701B80013C1BC /* Resources */ = {
			isa = PBXResourcesBuildPhase;
			buildActionMask = 2147483647;
			files = (
			);
			runOnlyForDeploymentPostprocessing = 0;
		};
/* End PBXResourcesBuildPhase section */

/* Begin PBXShellScriptBuildPhase section */
		1ACB848151EE4DC76AFB5A8E /* [CP] Copy Pods Resources */ = {
			isa = PBXShellScriptBuildPhase;
			buildActionMask = 2147483647;
			files = (
			);
			inputPaths = (
			);
			name = "[CP] Copy Pods Resources";
			outputPaths = (
			);
			runOnlyForDeploymentPostprocessing = 0;
			shellPath = /bin/sh;
			shellScript = "\"${SRCROOT}/Pods/Target Support Files/Pods-emojis/Pods-emojis-resources.sh\"\n";
			showEnvVarsInLog = 0;
		};
		2B691CBAE436F7FF7A66D643 /* [CP] Embed Pods Frameworks */ = {
			isa = PBXShellScriptBuildPhase;
			buildActionMask = 2147483647;
			files = (
			);
			inputPaths = (
			);
			name = "[CP] Embed Pods Frameworks";
			outputPaths = (
			);
			runOnlyForDeploymentPostprocessing = 0;
			shellPath = /bin/sh;
			shellScript = "\"${SRCROOT}/Pods/Target Support Files/Pods-emojisTests/Pods-emojisTests-frameworks.sh\"\n";
			showEnvVarsInLog = 0;
		};
		617FB71551918EE23CF911B7 /* [CP] Copy Pods Resources */ = {
			isa = PBXShellScriptBuildPhase;
			buildActionMask = 2147483647;
			files = (
			);
			inputPaths = (
			);
			name = "[CP] Copy Pods Resources";
			outputPaths = (
			);
			runOnlyForDeploymentPostprocessing = 0;
			shellPath = /bin/sh;
			shellScript = "\"${SRCROOT}/Pods/Target Support Files/Pods-emojisTests/Pods-emojisTests-resources.sh\"\n";
			showEnvVarsInLog = 0;
		};
		7AE733FFD6252B0F6A382DD3 /* [CP] Check Pods Manifest.lock */ = {
			isa = PBXShellScriptBuildPhase;
			buildActionMask = 2147483647;
			files = (
			);
			inputPaths = (
			);
			name = "[CP] Check Pods Manifest.lock";
			outputPaths = (
			);
			runOnlyForDeploymentPostprocessing = 0;
			shellPath = /bin/sh;
			shellScript = "diff \"${PODS_ROOT}/../Podfile.lock\" \"${PODS_ROOT}/Manifest.lock\" > /dev/null\nif [ $? != 0 ] ; then\n    # print error to STDERR\n    echo \"error: The sandbox is not in sync with the Podfile.lock. Run 'pod install' or update your CocoaPods installation.\" >&2\n    exit 1\nfi\n";
			showEnvVarsInLog = 0;
		};
		7AED4ADFBDD0CCFE4D240656 /* [CP] Check Pods Manifest.lock */ = {
			isa = PBXShellScriptBuildPhase;
			buildActionMask = 2147483647;
			files = (
			);
			inputPaths = (
			);
			name = "[CP] Check Pods Manifest.lock";
			outputPaths = (
			);
			runOnlyForDeploymentPostprocessing = 0;
			shellPath = /bin/sh;
			shellScript = "diff \"${PODS_ROOT}/../Podfile.lock\" \"${PODS_ROOT}/Manifest.lock\" > /dev/null\nif [ $? != 0 ] ; then\n    # print error to STDERR\n    echo \"error: The sandbox is not in sync with the Podfile.lock. Run 'pod install' or update your CocoaPods installation.\" >&2\n    exit 1\nfi\n";
			showEnvVarsInLog = 0;
		};
		90AE88D573D7716A8BFCDB6F /* [CP] Embed Pods Frameworks */ = {
			isa = PBXShellScriptBuildPhase;
			buildActionMask = 2147483647;
			files = (
			);
			inputPaths = (
			);
			name = "[CP] Embed Pods Frameworks";
			outputPaths = (
			);
			runOnlyForDeploymentPostprocessing = 0;
			shellPath = /bin/sh;
			shellScript = "\"${SRCROOT}/Pods/Target Support Files/Pods-emojis/Pods-emojis-frameworks.sh\"\n";
			showEnvVarsInLog = 0;
		};
/* End PBXShellScriptBuildPhase section */

/* Begin PBXSourcesBuildPhase section */
		65310D1B1DD64A290020C0D3 /* Sources */ = {
			isa = PBXSourcesBuildPhase;
			buildActionMask = 2147483647;
			files = (
				65310D221DD64A290020C0D3 /* emojisUITests.swift in Sources */,
			);
			runOnlyForDeploymentPostprocessing = 0;
		};
		65375B0E1D8701B80013C1BC /* Sources */ = {
			isa = PBXSourcesBuildPhase;
			buildActionMask = 2147483647;
			files = (
				650B2B9F1D8D9E6C004DBDA6 /* AddAPunViewController.swift in Sources */,
				6527D6281DA7F6C8003FD4F7 /* PunWordInfoViewController.swift in Sources */,
				653D4F3B1DC239C200222F70 /* PunHelpViewController.swift in Sources */,
				65375B361D8702030013C1BC /* CategoriesTableViewController.swift in Sources */,
				65375B161D8701B80013C1BC /* AppDelegate.swift in Sources */,
				65310D2A1DD65CA20020C0D3 /* addTopicCell.swift in Sources */,
				65A408B11DC278CF00935059 /* AddAPunHelpViewController.swift in Sources */,
				656D2CC11DC3C6AF00FA1202 /* FBSDKSetup.m in Sources */,
				65A408B31DC278D800935059 /* PunInfoHelpViewController.swift in Sources */,
				65375B3A1D8702120013C1BC /* CategoryModel.swift in Sources */,
				65375B381D87020B0013C1BC /* TopicsTableViewController.swift in Sources */,
				654A05F11DD0D03700FA0129 /* AddTopicsViewController.swift in Sources */,
			);
			runOnlyForDeploymentPostprocessing = 0;
		};
		65375B221D8701B80013C1BC /* Sources */ = {
			isa = PBXSourcesBuildPhase;
			buildActionMask = 2147483647;
			files = (
				65375B2B1D8701B80013C1BC /* emojisTests.swift in Sources */,
			);
			runOnlyForDeploymentPostprocessing = 0;
		};
/* End PBXSourcesBuildPhase section */

/* Begin PBXTargetDependency section */
		65310D251DD64A290020C0D3 /* PBXTargetDependency */ = {
			isa = PBXTargetDependency;
			target = 65375B111D8701B80013C1BC /* emojis */;
			targetProxy = 65310D241DD64A290020C0D3 /* PBXContainerItemProxy */;
		};
		65375B281D8701B80013C1BC /* PBXTargetDependency */ = {
			isa = PBXTargetDependency;
			target = 65375B111D8701B80013C1BC /* emojis */;
			targetProxy = 65375B271D8701B80013C1BC /* PBXContainerItemProxy */;
		};
/* End PBXTargetDependency section */

/* Begin PBXVariantGroup section */
		65375B191D8701B80013C1BC /* Main.storyboard */ = {
			isa = PBXVariantGroup;
			children = (
				65375B1A1D8701B80013C1BC /* Base */,
			);
			name = Main.storyboard;
			sourceTree = "<group>";
		};
		65375B1E1D8701B80013C1BC /* LaunchScreen.storyboard */ = {
			isa = PBXVariantGroup;
			children = (
				65375B1F1D8701B80013C1BC /* Base */,
			);
			name = LaunchScreen.storyboard;
			sourceTree = "<group>";
		};
/* End PBXVariantGroup section */

/* Begin XCBuildConfiguration section */
		65310D261DD64A290020C0D3 /* Debug */ = {
			isa = XCBuildConfiguration;
			buildSettings = {
				CLANG_WARN_DOCUMENTATION_COMMENTS = YES;
				CLANG_WARN_SUSPICIOUS_MOVES = YES;
				INFOPLIST_FILE = emojisUITests/Info.plist;
				IPHONEOS_DEPLOYMENT_TARGET = 10.1;
				LD_RUNPATH_SEARCH_PATHS = "$(inherited) @executable_path/Frameworks @loader_path/Frameworks";
				PRODUCT_BUNDLE_IDENTIFIER = com.kateowens.emojisUITests;
				PRODUCT_NAME = "$(TARGET_NAME)";
				SWIFT_ACTIVE_COMPILATION_CONDITIONS = DEBUG;
				SWIFT_VERSION = 3.0;
				TEST_TARGET_NAME = emojis;
			};
			name = Debug;
		};
		65310D271DD64A290020C0D3 /* Release */ = {
			isa = XCBuildConfiguration;
			buildSettings = {
				CLANG_WARN_DOCUMENTATION_COMMENTS = YES;
				CLANG_WARN_SUSPICIOUS_MOVES = YES;
				INFOPLIST_FILE = emojisUITests/Info.plist;
				IPHONEOS_DEPLOYMENT_TARGET = 10.1;
				LD_RUNPATH_SEARCH_PATHS = "$(inherited) @executable_path/Frameworks @loader_path/Frameworks";
				PRODUCT_BUNDLE_IDENTIFIER = com.kateowens.emojisUITests;
				PRODUCT_NAME = "$(TARGET_NAME)";
				SWIFT_VERSION = 3.0;
				TEST_TARGET_NAME = emojis;
			};
			name = Release;
		};
		65375B2D1D8701B80013C1BC /* Debug */ = {
			isa = XCBuildConfiguration;
			buildSettings = {
				ALWAYS_SEARCH_USER_PATHS = NO;
				CLANG_ANALYZER_NONNULL = YES;
				CLANG_CXX_LANGUAGE_STANDARD = "gnu++0x";
				CLANG_CXX_LIBRARY = "libc++";
				CLANG_ENABLE_MODULES = YES;
				CLANG_ENABLE_OBJC_ARC = YES;
				CLANG_WARN_BOOL_CONVERSION = YES;
				CLANG_WARN_CONSTANT_CONVERSION = YES;
				CLANG_WARN_DIRECT_OBJC_ISA_USAGE = YES_ERROR;
				CLANG_WARN_EMPTY_BODY = YES;
				CLANG_WARN_ENUM_CONVERSION = YES;
				CLANG_WARN_INFINITE_RECURSION = YES;
				CLANG_WARN_INT_CONVERSION = YES;
				CLANG_WARN_OBJC_ROOT_CLASS = YES_ERROR;
				CLANG_WARN_SUSPICIOUS_MOVE = YES;
				CLANG_WARN_UNREACHABLE_CODE = YES;
				CLANG_WARN__DUPLICATE_METHOD_MATCH = YES;
				"CODE_SIGN_IDENTITY[sdk=iphoneos*]" = "iPhone Developer";
				COPY_PHASE_STRIP = NO;
				DEBUG_INFORMATION_FORMAT = dwarf;
				DEVELOPMENT_TEAM = 9Q67G7E28V;
				ENABLE_STRICT_OBJC_MSGSEND = YES;
				ENABLE_TESTABILITY = YES;
				GCC_C_LANGUAGE_STANDARD = gnu99;
				GCC_DYNAMIC_NO_PIC = NO;
				GCC_NO_COMMON_BLOCKS = YES;
				GCC_OPTIMIZATION_LEVEL = 0;
				GCC_PREPROCESSOR_DEFINITIONS = (
					"DEBUG=1",
					"$(inherited)",
				);
				GCC_WARN_64_TO_32_BIT_CONVERSION = YES;
				GCC_WARN_ABOUT_RETURN_TYPE = YES_ERROR;
				GCC_WARN_UNDECLARED_SELECTOR = YES;
				GCC_WARN_UNINITIALIZED_AUTOS = YES_AGGRESSIVE;
				GCC_WARN_UNUSED_FUNCTION = YES;
				GCC_WARN_UNUSED_VARIABLE = YES;
				IPHONEOS_DEPLOYMENT_TARGET = 9.3;
				MTL_ENABLE_DEBUG_INFO = YES;
				ONLY_ACTIVE_ARCH = YES;
				SDKROOT = iphoneos;
				SWIFT_OPTIMIZATION_LEVEL = "-Onone";
				TARGETED_DEVICE_FAMILY = "1,2";
			};
			name = Debug;
		};
		65375B2E1D8701B80013C1BC /* Release */ = {
			isa = XCBuildConfiguration;
			buildSettings = {
				ALWAYS_SEARCH_USER_PATHS = NO;
				CLANG_ANALYZER_NONNULL = YES;
				CLANG_CXX_LANGUAGE_STANDARD = "gnu++0x";
				CLANG_CXX_LIBRARY = "libc++";
				CLANG_ENABLE_MODULES = YES;
				CLANG_ENABLE_OBJC_ARC = YES;
				CLANG_WARN_BOOL_CONVERSION = YES;
				CLANG_WARN_CONSTANT_CONVERSION = YES;
				CLANG_WARN_DIRECT_OBJC_ISA_USAGE = YES_ERROR;
				CLANG_WARN_EMPTY_BODY = YES;
				CLANG_WARN_ENUM_CONVERSION = YES;
				CLANG_WARN_INFINITE_RECURSION = YES;
				CLANG_WARN_INT_CONVERSION = YES;
				CLANG_WARN_OBJC_ROOT_CLASS = YES_ERROR;
				CLANG_WARN_SUSPICIOUS_MOVE = YES;
				CLANG_WARN_UNREACHABLE_CODE = YES;
				CLANG_WARN__DUPLICATE_METHOD_MATCH = YES;
				"CODE_SIGN_IDENTITY[sdk=iphoneos*]" = "iPhone Developer";
				COPY_PHASE_STRIP = NO;
				DEBUG_INFORMATION_FORMAT = "dwarf-with-dsym";
				DEVELOPMENT_TEAM = 9Q67G7E28V;
				ENABLE_NS_ASSERTIONS = NO;
				ENABLE_STRICT_OBJC_MSGSEND = YES;
				GCC_C_LANGUAGE_STANDARD = gnu99;
				GCC_NO_COMMON_BLOCKS = YES;
				GCC_WARN_64_TO_32_BIT_CONVERSION = YES;
				GCC_WARN_ABOUT_RETURN_TYPE = YES_ERROR;
				GCC_WARN_UNDECLARED_SELECTOR = YES;
				GCC_WARN_UNINITIALIZED_AUTOS = YES_AGGRESSIVE;
				GCC_WARN_UNUSED_FUNCTION = YES;
				GCC_WARN_UNUSED_VARIABLE = YES;
				IPHONEOS_DEPLOYMENT_TARGET = 9.3;
				MTL_ENABLE_DEBUG_INFO = NO;
				SDKROOT = iphoneos;
				SWIFT_OPTIMIZATION_LEVEL = "-Owholemodule";
				TARGETED_DEVICE_FAMILY = "1,2";
				VALIDATE_PRODUCT = YES;
			};
			name = Release;
		};
		65375B301D8701B80013C1BC /* Debug */ = {
			isa = XCBuildConfiguration;
			baseConfigurationReference = 85A7F746B0AF2CA332DBB328 /* Pods-emojis.debug.xcconfig */;
			buildSettings = {
				ASSETCATALOG_COMPILER_APPICON_NAME = AppIcon;
				CLANG_ENABLE_MODULES = YES;
				DEFINES_MODULE = YES;
				DEVELOPMENT_TEAM = 9Q67G7E28V;
				INFOPLIST_FILE = emojis/Info.plist;
				LD_RUNPATH_SEARCH_PATHS = "$(inherited) @executable_path/Frameworks";
				PRODUCT_BUNDLE_IDENTIFIER = com.kateowens.emojis;
				PRODUCT_NAME = "$(TARGET_NAME)";
				SWIFT_OBJC_BRIDGING_HEADER = "emojis/emojis-Bridging-Header.h";
				SWIFT_OPTIMIZATION_LEVEL = "-Onone";
				SWIFT_VERSION = 3.0;
			};
			name = Debug;
		};
		65375B311D8701B80013C1BC /* Release */ = {
			isa = XCBuildConfiguration;
			baseConfigurationReference = 913BFC8E03BB63D3996CC120 /* Pods-emojis.release.xcconfig */;
			buildSettings = {
				ASSETCATALOG_COMPILER_APPICON_NAME = AppIcon;
				CLANG_ENABLE_MODULES = YES;
				DEFINES_MODULE = YES;
				DEVELOPMENT_TEAM = 9Q67G7E28V;
				INFOPLIST_FILE = emojis/Info.plist;
				LD_RUNPATH_SEARCH_PATHS = "$(inherited) @executable_path/Frameworks";
				PRODUCT_BUNDLE_IDENTIFIER = com.kateowens.emojis;
				PRODUCT_NAME = "$(TARGET_NAME)";
				SWIFT_OBJC_BRIDGING_HEADER = "emojis/emojis-Bridging-Header.h";
				SWIFT_VERSION = 3.0;
			};
			name = Release;
		};
		65375B331D8701B80013C1BC /* Debug */ = {
			isa = XCBuildConfiguration;
			baseConfigurationReference = A98A06DE14CC9B88CE876395 /* Pods-emojisTests.debug.xcconfig */;
			buildSettings = {
				BUNDLE_LOADER = "$(TEST_HOST)";
				DEVELOPMENT_TEAM = "";
				INFOPLIST_FILE = emojisTests/Info.plist;
				LD_RUNPATH_SEARCH_PATHS = "$(inherited) @executable_path/Frameworks @loader_path/Frameworks";
				PRODUCT_BUNDLE_IDENTIFIER = com.kateowens.emojisTests;
				PRODUCT_NAME = "$(TARGET_NAME)";
				SWIFT_VERSION = 3.0;
				TEST_HOST = "$(BUILT_PRODUCTS_DIR)/emojis.app/emojis";
			};
			name = Debug;
		};
		65375B341D8701B80013C1BC /* Release */ = {
			isa = XCBuildConfiguration;
			baseConfigurationReference = C26FFBD831E526D559444421 /* Pods-emojisTests.release.xcconfig */;
			buildSettings = {
				BUNDLE_LOADER = "$(TEST_HOST)";
				DEVELOPMENT_TEAM = "";
				INFOPLIST_FILE = emojisTests/Info.plist;
				LD_RUNPATH_SEARCH_PATHS = "$(inherited) @executable_path/Frameworks @loader_path/Frameworks";
				PRODUCT_BUNDLE_IDENTIFIER = com.kateowens.emojisTests;
				PRODUCT_NAME = "$(TARGET_NAME)";
				SWIFT_VERSION = 3.0;
				TEST_HOST = "$(BUILT_PRODUCTS_DIR)/emojis.app/emojis";
			};
			name = Release;
		};
/* End XCBuildConfiguration section */

/* Begin XCConfigurationList section */
		65310D281DD64A290020C0D3 /* Build configuration list for PBXNativeTarget "emojisUITests" */ = {
			isa = XCConfigurationList;
			buildConfigurations = (
				65310D261DD64A290020C0D3 /* Debug */,
				65310D271DD64A290020C0D3 /* Release */,
			);
			defaultConfigurationIsVisible = 0;
		};
		65375B0D1D8701B80013C1BC /* Build configuration list for PBXProject "emojis" */ = {
			isa = XCConfigurationList;
			buildConfigurations = (
				65375B2D1D8701B80013C1BC /* Debug */,
				65375B2E1D8701B80013C1BC /* Release */,
			);
			defaultConfigurationIsVisible = 0;
			defaultConfigurationName = Release;
		};
		65375B2F1D8701B80013C1BC /* Build configuration list for PBXNativeTarget "emojis" */ = {
			isa = XCConfigurationList;
			buildConfigurations = (
				65375B301D8701B80013C1BC /* Debug */,
				65375B311D8701B80013C1BC /* Release */,
			);
			defaultConfigurationIsVisible = 0;
			defaultConfigurationName = Release;
		};
		65375B321D8701B80013C1BC /* Build configuration list for PBXNativeTarget "emojisTests" */ = {
			isa = XCConfigurationList;
			buildConfigurations = (
				65375B331D8701B80013C1BC /* Debug */,
				65375B341D8701B80013C1BC /* Release */,
			);
			defaultConfigurationIsVisible = 0;
			defaultConfigurationName = Release;
		};
/* End XCConfigurationList section */
	};
	rootObject = 65375B0A1D8701B80013C1BC /* Project object */;
}
